Microsoft Visual Studio Solution File, Format Version 12.00
# Visual Studio Version 17
VisualStudioVersion = 17.5.2.0
MinimumVisualStudioVersion = 10.0.40219.1
Project("{FAE04EC0-301F-11D3-BF4B-00C04F79EFBC}") = "LearningPlatform", "LearningPlatform.csproj", "{5436D56F-B3EB-52B3-6CDD-279D8C2287F3}"
EndProject
Global
	GlobalSection(SolutionConfigurationPlatforms) = preSolution
		Debug|Any CPU = Debug|Any CPU
		Release|Any CPU = Release|Any CPU
	EndGlobalSection
	GlobalSection(ProjectConfigurationPlatforms) = postSolution
		{5436D56F-B3EB-52B3-6CDD-279D8C2287F3}.Debug|Any CPU.ActiveCfg = Debug|Any CPU
		{5436D56F-B3EB-52B3-6CDD-279D8C2287F3}.Debug|Any CPU.Build.0 = Debug|Any CPU
		{5436D56F-B3EB-52B3-6CDD-279D8C2287F3}.Release|Any CPU.ActiveCfg = Release|Any CPU
		{5436D56F-B3EB-52B3-6CDD-279D8C2287F3}.Release|Any CPU.Build.0 = Release|Any CPU
	EndGlobalSection
	GlobalSection(SolutionProperties) = preSolution
		HideSolutionNode = FALSE
	EndGlobalSection
	GlobalSection(ExtensibilityGlobals) = postSolution
		SolutionGuid = {3C731D66-076B-4013-AE3E-5AB30636699A}
	EndGlobalSection
EndGlobal
